
Microsoft Visual Studio Solution File, Format Version 12.00
# Visual Studio Version 16
VisualStudioVersion = 16.0.31702.278
MinimumVisualStudioVersion = 10.0.40219.1
Project("{9A19103F-16F7-4668-BE54-9A1E7A4F7556}") = "BlazorDemoApp.Server", "BlazorDemoApp\Server\BlazorDemoApp.Server.csproj", "{552903DB-C167-4489-A165-6CDC970B8DA3}"
EndProject
Project("{9A19103F-16F7-4668-BE54-9A1E7A4F7556}") = "BlazorDemoApp.Client", "BlazorDemoApp\Client\BlazorDemoApp.Client.csproj", "{7B55B4C0-716F-4BF7-A12F-875B1F4920C8}"
EndProject
Project("{9A19103F-16F7-4668-BE54-9A1E7A4F7556}") = "BlazorDemoApp.Shared", "BlazorDemoApp\Shared\BlazorDemoApp.Shared.csproj", "{EE22775E-6001-498D-B2A3-FF250957F668}"
EndProject
Global
	GlobalSection(SolutionConfigurationPlatforms) = preSolution
		Debug|Any CPU = Debug|Any CPU
		Release|Any CPU = Release|Any CPU
	EndGlobalSection
	GlobalSection(ProjectConfigurationPlatforms) = postSolution
		{552903DB-C167-4489-A165-6CDC970B8DA3}.Debug|Any CPU.ActiveCfg = Debug|Any CPU
		{552903DB-C167-4489-A165-6CDC970B8DA3}.Debug|Any CPU.Build.0 = Debug|Any CPU
		{552903DB-C167-4489-A165-6CDC970B8DA3}.Release|Any CPU.ActiveCfg = Release|Any CPU
		{552903DB-C167-4489-A165-6CDC970B8DA3}.Release|Any CPU.Build.0 = Release|Any CPU
		{7B55B4C0-716F-4BF7-A12F-875B1F4920C8}.Debug|Any CPU.ActiveCfg = Debug|Any CPU
		{7B55B4C0-716F-4BF7-A12F-875B1F4920C8}.Debug|Any CPU.Build.0 = Debug|Any CPU
		{7B55B4C0-716F-4BF7-A12F-875B1F4920C8}.Release|Any CPU.ActiveCfg = Release|Any CPU
		{7B55B4C0-716F-4BF7-A12F-875B1F4920C8}.Release|Any CPU.Build.0 = Release|Any CPU
		{EE22775E-6001-498D-B2A3-FF250957F668}.Debug|Any CPU.ActiveCfg = Debug|Any CPU
		{EE22775E-6001-498D-B2A3-FF250957F668}.Debug|Any CPU.Build.0 = Debug|Any CPU
		{EE22775E-6001-498D-B2A3-FF250957F668}.Release|Any CPU.ActiveCfg = Release|Any CPU
		{EE22775E-6001-498D-B2A3-FF250957F668}.Release|Any CPU.Build.0 = Release|Any CPU
	EndGlobalSection
	GlobalSection(SolutionProperties) = preSolution
		HideSolutionNode = FALSE
	EndGlobalSection
	GlobalSection(ExtensibilityGlobals) = postSolution
		SolutionGuid = {B1F11131-0FA0-49C5-A571-6114AA07F982}
	EndGlobalSection
EndGlobal
