
Microsoft Visual Studio Solution File, Format Version 12.00
# Visual Studio Version 16
VisualStudioVersion = 16.0.31702.278
MinimumVisualStudioVersion = 10.0.40219.1
Project("{FAE04EC0-301F-11D3-BF4B-00C04F79EFBC}") = "DataLibrary", "DBDemo\DataLibrary.csproj", "{D2FABE3E-7927-428F-92A9-C56081003E33}"
EndProject
Project("{FAE04EC0-301F-11D3-BF4B-00C04F79EFBC}") = "DataBaseApp", "D:\.Net Training\DataBaseApp\DataBaseApp.csproj", "{314CB85C-F77C-4CEB-ACB4-BD9468343490}"
EndProject
Global
	GlobalSection(SolutionConfigurationPlatforms) = preSolution
		Debug|Any CPU = Debug|Any CPU
		Release|Any CPU = Release|Any CPU
	EndGlobalSection
	GlobalSection(ProjectConfigurationPlatforms) = postSolution
		{D2FABE3E-7927-428F-92A9-C56081003E33}.Debug|Any CPU.ActiveCfg = Debug|Any CPU
		{D2FABE3E-7927-428F-92A9-C56081003E33}.Debug|Any CPU.Build.0 = Debug|Any CPU
		{D2FABE3E-7927-428F-92A9-C56081003E33}.Release|Any CPU.ActiveCfg = Release|Any CPU
		{D2FABE3E-7927-428F-92A9-C56081003E33}.Release|Any CPU.Build.0 = Release|Any CPU
		{314CB85C-F77C-4CEB-ACB4-BD9468343490}.Debug|Any CPU.ActiveCfg = Debug|Any CPU
		{314CB85C-F77C-4CEB-ACB4-BD9468343490}.Debug|Any CPU.Build.0 = Debug|Any CPU
		{314CB85C-F77C-4CEB-ACB4-BD9468343490}.Release|Any CPU.ActiveCfg = Release|Any CPU
		{314CB85C-F77C-4CEB-ACB4-BD9468343490}.Release|Any CPU.Build.0 = Release|Any CPU
	EndGlobalSection
	GlobalSection(SolutionProperties) = preSolution
		HideSolutionNode = FALSE
	EndGlobalSection
	GlobalSection(ExtensibilityGlobals) = postSolution
		SolutionGuid = {3C1DB462-C7F9-43F7-98A2-6D16782A07E8}
	EndGlobalSection
EndGlobal
